
Microsoft Visual Studio Solution File, Format Version 12.00
# Visual Studio Version 16
VisualStudioVersion = 16.0.30428.66
MinimumVisualStudioVersion = 10.0.40219.1
Project("{8BC9CEB8-8B4A-11D0-8D11-00A0C91BC942}") = "lab3", "proj\lab3\lab3.vcxproj", "{51480DAF-A188-4217-950B-1B98780169D0}"
EndProject
Project("{8BC9CEB8-8B4A-11D0-8D11-00A0C91BC942}") = "UnitTests", "proj\UnitTests\UnitTests.vcxproj", "{0CC870D5-3EF9-4733-9B4E-7083691825E3}"
EndProject
Project("{8BC9CEB8-8B4A-11D0-8D11-00A0C91BC942}") = "StaticImpl", "proj\StaticImpl\StaticImpl.vcxproj", "{B7CC8182-63E2-4E9C-AF4A-0B4BEA9CBDE0}"
EndProject
Project("{8BC9CEB8-8B4A-11D0-8D11-00A0C91BC942}") = "GraphicsImpl", "proj\GraphicsImpl\GraphicsImpl.vcxproj", "{ABB97DFB-2A34-4F61-98D2-6377F01C3FCB}"
EndProject
Global
	GlobalSection(SolutionConfigurationPlatforms) = preSolution
		Debug|x64 = Debug|x64
		Debug|x86 = Debug|x86
		Release|x64 = Release|x64
		Release|x86 = Release|x86
	EndGlobalSection
	GlobalSection(ProjectConfigurationPlatforms) = postSolution
		{51480DAF-A188-4217-950B-1B98780169D0}.Debug|x64.ActiveCfg = Debug|x64
		{51480DAF-A188-4217-950B-1B98780169D0}.Debug|x64.Build.0 = Debug|x64
		{51480DAF-A188-4217-950B-1B98780169D0}.Debug|x86.ActiveCfg = Debug|Win32
		{51480DAF-A188-4217-950B-1B98780169D0}.Debug|x86.Build.0 = Debug|Win32
		{51480DAF-A188-4217-950B-1B98780169D0}.Release|x64.ActiveCfg = Release|x64
		{51480DAF-A188-4217-950B-1B98780169D0}.Release|x64.Build.0 = Release|x64
		{51480DAF-A188-4217-950B-1B98780169D0}.Release|x86.ActiveCfg = Release|Win32
		{51480DAF-A188-4217-950B-1B98780169D0}.Release|x86.Build.0 = Release|Win32
		{0CC870D5-3EF9-4733-9B4E-7083691825E3}.Debug|x64.ActiveCfg = Debug|x64
		{0CC870D5-3EF9-4733-9B4E-7083691825E3}.Debug|x64.Build.0 = Debug|x64
		{0CC870D5-3EF9-4733-9B4E-7083691825E3}.Debug|x86.ActiveCfg = Debug|Win32
		{0CC870D5-3EF9-4733-9B4E-7083691825E3}.Debug|x86.Build.0 = Debug|Win32
		{0CC870D5-3EF9-4733-9B4E-7083691825E3}.Release|x64.ActiveCfg = Release|x64
		{0CC870D5-3EF9-4733-9B4E-7083691825E3}.Release|x64.Build.0 = Release|x64
		{0CC870D5-3EF9-4733-9B4E-7083691825E3}.Release|x86.ActiveCfg = Release|Win32
		{0CC870D5-3EF9-4733-9B4E-7083691825E3}.Release|x86.Build.0 = Release|Win32
		{B7CC8182-63E2-4E9C-AF4A-0B4BEA9CBDE0}.Debug|x64.ActiveCfg = Debug|x64
		{B7CC8182-63E2-4E9C-AF4A-0B4BEA9CBDE0}.Debug|x64.Build.0 = Debug|x64
		{B7CC8182-63E2-4E9C-AF4A-0B4BEA9CBDE0}.Debug|x86.ActiveCfg = Debug|Win32
		{B7CC8182-63E2-4E9C-AF4A-0B4BEA9CBDE0}.Debug|x86.Build.0 = Debug|Win32
		{B7CC8182-63E2-4E9C-AF4A-0B4BEA9CBDE0}.Release|x64.ActiveCfg = Release|x64
		{B7CC8182-63E2-4E9C-AF4A-0B4BEA9CBDE0}.Release|x64.Build.0 = Release|x64
		{B7CC8182-63E2-4E9C-AF4A-0B4BEA9CBDE0}.Release|x86.ActiveCfg = Release|Win32
		{B7CC8182-63E2-4E9C-AF4A-0B4BEA9CBDE0}.Release|x86.Build.0 = Release|Win32
		{ABB97DFB-2A34-4F61-98D2-6377F01C3FCB}.Debug|x64.ActiveCfg = Debug|x64
		{ABB97DFB-2A34-4F61-98D2-6377F01C3FCB}.Debug|x64.Build.0 = Debug|x64
		{ABB97DFB-2A34-4F61-98D2-6377F01C3FCB}.Debug|x86.ActiveCfg = Debug|x64
		{ABB97DFB-2A34-4F61-98D2-6377F01C3FCB}.Release|x64.ActiveCfg = Release|x64
		{ABB97DFB-2A34-4F61-98D2-6377F01C3FCB}.Release|x64.Build.0 = Release|x64
		{ABB97DFB-2A34-4F61-98D2-6377F01C3FCB}.Release|x86.ActiveCfg = Release|x64
	EndGlobalSection
	GlobalSection(SolutionProperties) = preSolution
		HideSolutionNode = FALSE
	EndGlobalSection
	GlobalSection(ExtensibilityGlobals) = postSolution
		SolutionGuid = {7476C964-3063-40BB-8720-8C7B01DDE9C4}
	EndGlobalSection
EndGlobal
