<?xml version="1.0" encoding="utf-8"?>
<Project ToolsVersion="4.0" xmlns="http://schemas.microsoft.com/developer/msbuild/2003">
  <ItemGroup>
    <Filter Include="Source Files">
      <UniqueIdentifier>{4FC737F1-C7A5-4376-A066-2A32D752A2FF}</UniqueIdentifier>
      <Extensions>cpp;c;cc;cxx;def;odl;idl;hpj;bat;asm;asmx</Extensions>
    </Filter>
    <Filter Include="Header Files">
      <UniqueIdentifier>{93995380-89BD-4b04-88EB-625FBE52EBFB}</UniqueIdentifier>
      <Extensions>h;hh;hpp;hxx;hm;inl;inc;xsd</Extensions>
    </Filter>
    <Filter Include="Resource Files">
      <UniqueIdentifier>{67DA6AB6-F800-4c08-8B7A-83BB121AAD01}</UniqueIdentifier>
      <Extensions>rc;ico;cur;bmp;dlg;rc2;rct;bin;rgs;gif;jpg;jpeg;jpe;resx;tiff;tif;png;wav;mfcribbon-ms</Extensions>
    </Filter>
    <Filter Include="Form Files">
      <UniqueIdentifier>{99349809-55BA-4b9d-BF79-8FDBB0286EB3}</UniqueIdentifier>
      <Extensions>ui</Extensions>
    </Filter>
    <Filter Include="Resource Files">
      <UniqueIdentifier>{D9D6E242-F8AF-46E4-B9FD-80ECBC20BA3E}</UniqueIdentifier>
      <Extensions>qrc;*</Extensions>
      <ParseFiles>false</ParseFiles>
    </Filter>
    <Filter Include="Config">
      <UniqueIdentifier>{729f1729-3ccd-46f8-8775-c2e4bf879622}</UniqueIdentifier>
    </Filter>
    <Filter Include="Header Files\Modules">
      <UniqueIdentifier>{75a7967e-3642-48ef-a0f0-509d4a44f0fa}</UniqueIdentifier>
    </Filter>
    <Filter Include="Header Files\Map">
      <UniqueIdentifier>{c242c24f-8be6-447d-9d61-c89021c1b6df}</UniqueIdentifier>
    </Filter>
    <Filter Include="Header Files\Map\Objects">
      <UniqueIdentifier>{54ae2c42-b925-4a8e-be65-b99ec138aa5e}</UniqueIdentifier>
    </Filter>
    <Filter Include="Header Files\AI">
      <UniqueIdentifier>{1b23f25c-7553-4578-84c0-082e8ed2e9c1}</UniqueIdentifier>
    </Filter>
    <Filter Include="Source Files\Modules">
      <UniqueIdentifier>{73125cef-eed3-4401-8331-10d594b7a6fc}</UniqueIdentifier>
    </Filter>
    <Filter Include="Source Files\Map">
      <UniqueIdentifier>{74eb4a27-d179-48f9-b640-92aeb17eb3f9}</UniqueIdentifier>
    </Filter>
    <Filter Include="Source Files\Map\Objects">
      <UniqueIdentifier>{c9d3e4db-877d-4401-8db8-6ac74082670d}</UniqueIdentifier>
    </Filter>
    <Filter Include="Header Files\Utility">
      <UniqueIdentifier>{955a8a02-2c02-4525-be79-3de41e2c3030}</UniqueIdentifier>
    </Filter>
    <Filter Include="Source Files\Utility">
      <UniqueIdentifier>{26d4c744-fa9f-4e50-a364-7b4ad4cec85e}</UniqueIdentifier>
    </Filter>
    <Filter Include="Source Files\AI">
      <UniqueIdentifier>{231fa5d9-6850-463e-b6e0-50435c199bd0}</UniqueIdentifier>
    </Filter>
  </ItemGroup>
  <ItemGroup>
    <QtRcc Include="MobileRobots.qrc">
      <Filter>Resource Files</Filter>
    </QtRcc>
    <QtUic Include="MobileRobots.ui">
      <Filter>Resource Files</Filter>
    </QtUic>
  </ItemGroup>
  <ItemGroup>
    <ClCompile Include="src\main.cpp">
      <Filter>Source Files</Filter>
    </ClCompile>
    <ClCompile Include="src\MobileRobots.cpp">
      <Filter>Source Files</Filter>
    </ClCompile>
    <ClCompile Include="src\MapObject.cpp">
      <Filter>Source Files\Map\Objects</Filter>
    </ClCompile>
    <ClCompile Include="src\MapLoader.cpp">
      <Filter>Source Files\Map</Filter>
    </ClCompile>
    <ClCompile Include="src\RobotCommander.cpp">
      <Filter>Source Files\Map\Objects</Filter>
    </ClCompile>
    <ClCompile Include="src\ObservationCenter.cpp">
      <Filter>Source Files\Map\Objects</Filter>
    </ClCompile>
    <ClCompile Include="src\CommandCenter.cpp">
      <Filter>Source Files\Map\Objects</Filter>
    </ClCompile>
    <ClCompile Include="src\ManagerModule.cpp">
      <Filter>Source Files\Modules</Filter>
    </ClCompile>
    <ClCompile Include="src\EnvironmentDescriptor.cpp">
      <Filter>Source Files\Map</Filter>
    </ClCompile>
    <ClCompile Include="src\Utility.cpp">
      <Filter>Source Files\Utility</Filter>
    </ClCompile>
    <ClCompile Include="src\RobotScout.cpp">
      <Filter>Source Files\Map\Objects</Filter>
    </ClCompile>
    <ClCompile Include="src\AI.cpp">
      <Filter>Source Files\AI</Filter>
    </ClCompile>
  </ItemGroup>
  <ItemGroup>
    <ClInclude Include="src\Module.hpp">
      <Filter>Header Files\Modules</Filter>
    </ClInclude>
    <ClInclude Include="src\Sensor.hpp">
      <Filter>Header Files\Modules</Filter>
    </ClInclude>
    <ClInclude Include="src\PowerGenerator.hpp">
      <Filter>Header Files\Modules</Filter>
    </ClInclude>
    <ClInclude Include="src\ManagerModule.hpp">
      <Filter>Header Files\Modules</Filter>
    </ClInclude>
    <ClInclude Include="src\MapLoader.hpp">
      <Filter>Header Files\Map</Filter>
    </ClInclude>
    <ClInclude Include="src\Barrier.hpp">
      <Filter>Header Files\Map\Objects</Filter>
    </ClInclude>
    <ClInclude Include="src\CommandCenter.hpp">
      <Filter>Header Files\Map\Objects</Filter>
    </ClInclude>
    <ClInclude Include="src\InterestingObject.hpp">
      <Filter>Header Files\Map\Objects</Filter>
    </ClInclude>
    <ClInclude Include="src\MapObject.hpp">
      <Filter>Header Files\Map\Objects</Filter>
    </ClInclude>
    <ClInclude Include="src\ObservationCenter.hpp">
      <Filter>Header Files\Map\Objects</Filter>
    </ClInclude>
    <ClInclude Include="src\RobotCommander.hpp">
      <Filter>Header Files\Map\Objects</Filter>
    </ClInclude>
    <ClInclude Include="src\RobotScout.hpp">
      <Filter>Header Files\Map\Objects</Filter>
    </ClInclude>
    <ClInclude Include="src\EnvironmentDescriptor.hpp">
      <Filter>Header Files\Map</Filter>
    </ClInclude>
    <ClInclude Include="src\AI.hpp">
      <Filter>Header Files\AI</Filter>
    </ClInclude>
    <ClInclude Include="src\EnergyConsumer.hpp">
      <Filter>Header Files\Modules</Filter>
    </ClInclude>
    <ClInclude Include="src\Utility.hpp">
      <Filter>Header Files\Utility</Filter>
    </ClInclude>
    <ClInclude Include="src\Coord.hpp">
      <Filter>Header Files\Utility</Filter>
    </ClInclude>
    <ClInclude Include="src\Route.hpp">
      <Filter>Header Files\Map</Filter>
    </ClInclude>
    <ClInclude Include="src\Math.hpp">
      <Filter>Header Files\Utility</Filter>
    </ClInclude>
  </ItemGroup>
  <ItemGroup>
    <QtMoc Include="src\MobileRobots.hpp">
      <Filter>Header Files</Filter>
    </QtMoc>
  </ItemGroup>
  <ItemGroup>
    <None Include="cfg\aquire_oc.json">
      <Filter>Config</Filter>
    </None>
    <None Include="cfg\aquire_rs.json">
      <Filter>Config</Filter>
    </None>
    <None Include="cfg\map.json">
      <Filter>Config</Filter>
    </None>
    <None Include="cfg\empty.json">
      <Filter>Config</Filter>
    </None>
    <None Include="cfg\check_cc.json">
      <Filter>Config</Filter>
    </None>
    <None Include="res\ClassDiagram.cd" />
  </ItemGroup>
</Project>